
Microsoft Visual Studio Solution File, Format Version 12.00
# Visual Studio Version 16
VisualStudioVersion = 16.0.30114.105
MinimumVisualStudioVersion = 10.0.40219.1
Project("{FAE04EC0-301F-11D3-BF4B-00C04F79EFBC}") = "PhdMonitor", "PhdMonitor\PhdMonitor.csproj", "{DC21742B-F425-425A-8D22-37DC9C18764F}"
EndProject
Project("{FAE04EC0-301F-11D3-BF4B-00C04F79EFBC}") = "guider", "guider\guider.csproj", "{F19CEFB2-9FCB-4E65-9DC0-E5F3808DD663}"
EndProject
Global
	GlobalSection(SolutionConfigurationPlatforms) = preSolution
		Debug|Any CPU = Debug|Any CPU
		Release|Any CPU = Release|Any CPU
	EndGlobalSection
	GlobalSection(ProjectConfigurationPlatforms) = postSolution
		{DC21742B-F425-425A-8D22-37DC9C18764F}.Debug|Any CPU.ActiveCfg = Debug|Any CPU
		{DC21742B-F425-425A-8D22-37DC9C18764F}.Debug|Any CPU.Build.0 = Debug|Any CPU
		{DC21742B-F425-425A-8D22-37DC9C18764F}.Release|Any CPU.ActiveCfg = Release|Any CPU
		{DC21742B-F425-425A-8D22-37DC9C18764F}.Release|Any CPU.Build.0 = Release|Any CPU
		{F19CEFB2-9FCB-4E65-9DC0-E5F3808DD663}.Debug|Any CPU.ActiveCfg = Debug|Any CPU
		{F19CEFB2-9FCB-4E65-9DC0-E5F3808DD663}.Debug|Any CPU.Build.0 = Debug|Any CPU
		{F19CEFB2-9FCB-4E65-9DC0-E5F3808DD663}.Release|Any CPU.ActiveCfg = Release|Any CPU
		{F19CEFB2-9FCB-4E65-9DC0-E5F3808DD663}.Release|Any CPU.Build.0 = Release|Any CPU
	EndGlobalSection
	GlobalSection(SolutionProperties) = preSolution
		HideSolutionNode = FALSE
	EndGlobalSection
	GlobalSection(ExtensibilityGlobals) = postSolution
		SolutionGuid = {E921EFEC-D4F6-48FA-8BD7-7CF18EC0CB53}
	EndGlobalSection
EndGlobal
